
Microsoft Visual Studio Solution File, Format Version 12.00
# Visual Studio Version 17
VisualStudioVersion = 17.5.33209.295
MinimumVisualStudioVersion = 10.0.40219.1
Project("{FAE04EC0-301F-11D3-BF4B-00C04F79EFBC}") = "TDD_Sample", "TDD_Sample\TDD_Sample.csproj", "{1DB18765-0264-44CB-A566-DE7CDBA553F9}"
EndProject
Project("{FAE04EC0-301F-11D3-BF4B-00C04F79EFBC}") = "UnitTests", "UnitTests\UnitTests.csproj", "{24D33C87-B229-406C-AB6C-49C42474C9BC}"
EndProject
Global
	GlobalSection(SolutionConfigurationPlatforms) = preSolution
		Debug|Any CPU = Debug|Any CPU
		Release|Any CPU = Release|Any CPU
	EndGlobalSection
	GlobalSection(ProjectConfigurationPlatforms) = postSolution
		{1DB18765-0264-44CB-A566-DE7CDBA553F9}.Debug|Any CPU.ActiveCfg = Debug|Any CPU
		{1DB18765-0264-44CB-A566-DE7CDBA553F9}.Debug|Any CPU.Build.0 = Debug|Any CPU
		{1DB18765-0264-44CB-A566-DE7CDBA553F9}.Release|Any CPU.ActiveCfg = Release|Any CPU
		{1DB18765-0264-44CB-A566-DE7CDBA553F9}.Release|Any CPU.Build.0 = Release|Any CPU
		{24D33C87-B229-406C-AB6C-49C42474C9BC}.Debug|Any CPU.ActiveCfg = Debug|Any CPU
		{24D33C87-B229-406C-AB6C-49C42474C9BC}.Debug|Any CPU.Build.0 = Debug|Any CPU
		{24D33C87-B229-406C-AB6C-49C42474C9BC}.Release|Any CPU.ActiveCfg = Release|Any CPU
		{24D33C87-B229-406C-AB6C-49C42474C9BC}.Release|Any CPU.Build.0 = Release|Any CPU
	EndGlobalSection
	GlobalSection(SolutionProperties) = preSolution
		HideSolutionNode = FALSE
	EndGlobalSection
	GlobalSection(ExtensibilityGlobals) = postSolution
		SolutionGuid = {DD65335E-1185-4D82-AEA7-8470953326D7}
	EndGlobalSection
EndGlobal
